# This file is automatically @generated by Poetry 1.8.3 and should not be changed by hand.

[[package]]
name = "aiofiles"
version = "23.2.1"
description = "File support for asyncio."
optional = false
python-versions = ">=3.7"
files = [
    {file = "aiofiles-23.2.1-py3-none-any.whl", hash = "sha256:19297512c647d4b27a2cf7c34caa7e405c0d60b5560618a29a9fe027b18b0107"},
    {file = "aiofiles-23.2.1.tar.gz", hash = "sha256:84ec2218d8419404abcb9f0c02df3f34c6e0a68ed41072acfb1cef5cbc29051a"},
]

[[package]]
name = "pyprland"
version = "2.3.8"
description = "Hyperland plugin system - batteries included"
optional = false
python-versions = "<4.0,>=3.11"
files = [
    {file = "pyprland-2.3.8-py3-none-any.whl", hash = "sha256:b132c10b907e71b86d4e9dc7dafdad7df3979d2471a21001988a2452dccc641d"},
    {file = "pyprland-2.3.8.tar.gz", hash = "sha256:bc0ae8aac415a1e34bab380d695c6f5a96b92a899aac44243b658166b1a0c141"},
]

[package.dependencies]
aiofiles = ">=23.2.1,<24.0.0"

[metadata]
lock-version = "2.0"
python-versions = "^3.12"
content-hash = "23139e3d1d4e61531969732ce077fdf4799ef61fa18c7baf6b9a064486c65b2a"
